
Microsoft Visual Studio Solution File, Format Version 12.00
# Visual Studio 15
Project("{FAE04EC0-301F-11D3-BF4B-00C04F79EFBC}") = "Zenject-UnitTests-Editor", "Zenject-UnitTests-Editor.csproj", "{9EDEAB24-4B53-3304-D4F1-69EBBDA077B2}"
EndProject
Project("{FAE04EC0-301F-11D3-BF4B-00C04F79EFBC}") = "Zenject", "Zenject.csproj", "{F1542964-3602-7BEF-863A-0B008A78C62C}"
EndProject
Project("{FAE04EC0-301F-11D3-BF4B-00C04F79EFBC}") = "Zenject-IntegrationTests-Editor", "Zenject-IntegrationTests-Editor.csproj", "{598C8CE3-BA5E-2920-9A9C-07372B267399}"
EndProject
Project("{FAE04EC0-301F-11D3-BF4B-00C04F79EFBC}") = "Zenject-IntegrationTests", "Zenject-IntegrationTests.csproj", "{278C8A50-A2EB-B3EA-0BC8-1475AD76DBEB}"
EndProject
Project("{FAE04EC0-301F-11D3-BF4B-00C04F79EFBC}") = "AmongUsTasks", "AmongUsTasks.csproj", "{DF4AAFBD-B51E-276B-46CD-E56007014A35}"
EndProject
Project("{FAE04EC0-301F-11D3-BF4B-00C04F79EFBC}") = "Assembly-CSharp", "Assembly-CSharp.csproj", "{1160B396-3AD0-CBEC-8148-1D0109AFD597}"
EndProject
Project("{FAE04EC0-301F-11D3-BF4B-00C04F79EFBC}") = "Zenject-ReflectionBaking-Editor", "Zenject-ReflectionBaking-Editor.csproj", "{EFF6B37A-4FB7-CFFA-F3EB-97BE7518B3F8}"
EndProject
Project("{FAE04EC0-301F-11D3-BF4B-00C04F79EFBC}") = "Zenject-PoolMonitor-Editor", "Zenject-PoolMonitor-Editor.csproj", "{91D047FB-631B-3398-13C8-A9E4B992C47C}"
EndProject
Project("{FAE04EC0-301F-11D3-BF4B-00C04F79EFBC}") = "Zenject-Editor", "Zenject-Editor.csproj", "{34069633-4706-8A1E-054B-16FF34930096}"
EndProject
Project("{FAE04EC0-301F-11D3-BF4B-00C04F79EFBC}") = "Zenject-TestFramework", "Zenject-TestFramework.csproj", "{D3947741-1099-00BF-0D4A-1B49447C21FA}"
EndProject
Project("{FAE04EC0-301F-11D3-BF4B-00C04F79EFBC}") = "EditorTests", "EditorTests.csproj", "{84911415-AFD3-01ED-DF33-E8BC948A7A8A}"
EndProject
Global
	GlobalSection(SolutionConfigurationPlatforms) = preSolution
		Debug|Any CPU = Debug|Any CPU
		Release|Any CPU = Release|Any CPU
	EndGlobalSection
	GlobalSection(ProjectConfigurationPlatforms) = postSolution
		{9EDEAB24-4B53-3304-D4F1-69EBBDA077B2}.Debug|Any CPU.ActiveCfg = Debug|Any CPU
		{9EDEAB24-4B53-3304-D4F1-69EBBDA077B2}.Debug|Any CPU.Build.0 = Debug|Any CPU
		{9EDEAB24-4B53-3304-D4F1-69EBBDA077B2}.Release|Any CPU.ActiveCfg = Release|Any CPU
		{9EDEAB24-4B53-3304-D4F1-69EBBDA077B2}.Release|Any CPU.Build.0 = Release|Any CPU
		{F1542964-3602-7BEF-863A-0B008A78C62C}.Debug|Any CPU.ActiveCfg = Debug|Any CPU
		{F1542964-3602-7BEF-863A-0B008A78C62C}.Debug|Any CPU.Build.0 = Debug|Any CPU
		{F1542964-3602-7BEF-863A-0B008A78C62C}.Release|Any CPU.ActiveCfg = Release|Any CPU
		{F1542964-3602-7BEF-863A-0B008A78C62C}.Release|Any CPU.Build.0 = Release|Any CPU
		{598C8CE3-BA5E-2920-9A9C-07372B267399}.Debug|Any CPU.ActiveCfg = Debug|Any CPU
		{598C8CE3-BA5E-2920-9A9C-07372B267399}.Debug|Any CPU.Build.0 = Debug|Any CPU
		{598C8CE3-BA5E-2920-9A9C-07372B267399}.Release|Any CPU.ActiveCfg = Release|Any CPU
		{598C8CE3-BA5E-2920-9A9C-07372B267399}.Release|Any CPU.Build.0 = Release|Any CPU
		{278C8A50-A2EB-B3EA-0BC8-1475AD76DBEB}.Debug|Any CPU.ActiveCfg = Debug|Any CPU
		{278C8A50-A2EB-B3EA-0BC8-1475AD76DBEB}.Debug|Any CPU.Build.0 = Debug|Any CPU
		{278C8A50-A2EB-B3EA-0BC8-1475AD76DBEB}.Release|Any CPU.ActiveCfg = Release|Any CPU
		{278C8A50-A2EB-B3EA-0BC8-1475AD76DBEB}.Release|Any CPU.Build.0 = Release|Any CPU
		{DF4AAFBD-B51E-276B-46CD-E56007014A35}.Debug|Any CPU.ActiveCfg = Debug|Any CPU
		{DF4AAFBD-B51E-276B-46CD-E56007014A35}.Debug|Any CPU.Build.0 = Debug|Any CPU
		{DF4AAFBD-B51E-276B-46CD-E56007014A35}.Release|Any CPU.ActiveCfg = Release|Any CPU
		{DF4AAFBD-B51E-276B-46CD-E56007014A35}.Release|Any CPU.Build.0 = Release|Any CPU
		{1160B396-3AD0-CBEC-8148-1D0109AFD597}.Debug|Any CPU.ActiveCfg = Debug|Any CPU
		{1160B396-3AD0-CBEC-8148-1D0109AFD597}.Debug|Any CPU.Build.0 = Debug|Any CPU
		{1160B396-3AD0-CBEC-8148-1D0109AFD597}.Release|Any CPU.ActiveCfg = Release|Any CPU
		{1160B396-3AD0-CBEC-8148-1D0109AFD597}.Release|Any CPU.Build.0 = Release|Any CPU
		{EFF6B37A-4FB7-CFFA-F3EB-97BE7518B3F8}.Debug|Any CPU.ActiveCfg = Debug|Any CPU
		{EFF6B37A-4FB7-CFFA-F3EB-97BE7518B3F8}.Debug|Any CPU.Build.0 = Debug|Any CPU
		{EFF6B37A-4FB7-CFFA-F3EB-97BE7518B3F8}.Release|Any CPU.ActiveCfg = Release|Any CPU
		{EFF6B37A-4FB7-CFFA-F3EB-97BE7518B3F8}.Release|Any CPU.Build.0 = Release|Any CPU
		{91D047FB-631B-3398-13C8-A9E4B992C47C}.Debug|Any CPU.ActiveCfg = Debug|Any CPU
		{91D047FB-631B-3398-13C8-A9E4B992C47C}.Debug|Any CPU.Build.0 = Debug|Any CPU
		{91D047FB-631B-3398-13C8-A9E4B992C47C}.Release|Any CPU.ActiveCfg = Release|Any CPU
		{91D047FB-631B-3398-13C8-A9E4B992C47C}.Release|Any CPU.Build.0 = Release|Any CPU
		{34069633-4706-8A1E-054B-16FF34930096}.Debug|Any CPU.ActiveCfg = Debug|Any CPU
		{34069633-4706-8A1E-054B-16FF34930096}.Debug|Any CPU.Build.0 = Debug|Any CPU
		{34069633-4706-8A1E-054B-16FF34930096}.Release|Any CPU.ActiveCfg = Release|Any CPU
		{34069633-4706-8A1E-054B-16FF34930096}.Release|Any CPU.Build.0 = Release|Any CPU
		{D3947741-1099-00BF-0D4A-1B49447C21FA}.Debug|Any CPU.ActiveCfg = Debug|Any CPU
		{D3947741-1099-00BF-0D4A-1B49447C21FA}.Debug|Any CPU.Build.0 = Debug|Any CPU
		{D3947741-1099-00BF-0D4A-1B49447C21FA}.Release|Any CPU.ActiveCfg = Release|Any CPU
		{D3947741-1099-00BF-0D4A-1B49447C21FA}.Release|Any CPU.Build.0 = Release|Any CPU
		{84911415-AFD3-01ED-DF33-E8BC948A7A8A}.Debug|Any CPU.ActiveCfg = Debug|Any CPU
		{84911415-AFD3-01ED-DF33-E8BC948A7A8A}.Debug|Any CPU.Build.0 = Debug|Any CPU
		{84911415-AFD3-01ED-DF33-E8BC948A7A8A}.Release|Any CPU.ActiveCfg = Release|Any CPU
		{84911415-AFD3-01ED-DF33-E8BC948A7A8A}.Release|Any CPU.Build.0 = Release|Any CPU
	EndGlobalSection
	GlobalSection(SolutionProperties) = preSolution
		HideSolutionNode = FALSE
	EndGlobalSection
EndGlobal
